{
  "object": {
    "pins": [
      {
        "package": "CleevioCore",
        "repositoryURL": "git@gitlab.cleevio.cz:cleevio-dev-ios/CleevioCore",
        "state": {
          "branch": null,
          "revision": "176a1ac517a001a3fc31a75f656bb8c1ed11e854",
          "version": "2.0.0"
        }
      }
    ]
  },
  "version": 1
}
