{
  "object": {
    "pins": [
      {
        "package": "CleevioCore",
        "repositoryURL": "git@gitlab.cleevio.cz:cleevio-dev-ios/CleevioCore",
        "state": {
          "branch": null,
          "revision": "c45dd25791395c90f260d7bc9a24f489c41802db",
          "version": "2.1.3"
        }
      },
      {
        "package": "CleevioStorageLibrary",
        "repositoryURL": "git@gitlab.cleevio.cz:cleevio-dev-ios/CleevioStorage",
        "state": {
          "branch": null,
          "revision": "d6ff7a5410c0ab5a7de8365cad7e40b6c422e386",
          "version": "0.3.0-dev3"
        }
      },
      {
        "package": "KeychainAccess",
        "repositoryURL": "https://github.com/kishikawakatsumi/KeychainAccess.git",
        "state": {
          "branch": null,
          "revision": "84e546727d66f1adc5439debad16270d0fdd04e7",
          "version": "4.2.2"
        }
      }
    ]
  },
  "version": 1
}
