{
  "object": {
    "pins": [
      {
        "package": "CleevioCore",
        "repositoryURL": "git@gitlab.cleevio.cz:cleevio-dev-ios/CleevioCore",
        "state": {
          "branch": null,
          "revision": "cdc4f48b9412f67eee2678fc445a7a578c4972b7",
          "version": "2.1.2"
        }
      },
      {
        "package": "CleevioStorageLibrary",
        "repositoryURL": "git@gitlab.cleevio.cz:cleevio-dev-ios/CleevioStorage",
        "state": {
          "branch": null,
          "revision": "66fac3dc9914b4f2d203e3fa586db135030231b1",
          "version": "0.1.5"
        }
      },
      {
        "package": "KeychainAccess",
        "repositoryURL": "https://github.com/kishikawakatsumi/KeychainAccess.git",
        "state": {
          "branch": null,
          "revision": "84e546727d66f1adc5439debad16270d0fdd04e7",
          "version": "4.2.2"
        }
      }
    ]
  },
  "version": 1
}
